# THIS IS AN AUTOGENERATED FILE. DO NOT EDIT THIS FILE DIRECTLY.
# yarn lockfile v1


async@^3.0.0:
  version "3.0.0"
  resolved "https://registry.yarnpkg.com/async/-/async-3.0.0.tgz#4c959b37d8c477dc189f2efb9340847f7ad7f785"
  integrity sha512-LNZ6JSpKraIia6VZKKbKxmX6nWIdfsG7WqrOvKpCuDjH7BnGyQRFMTSXEe8to2WF/rqoAKgZvj+L5nnxe0suAg==
